# This file is automatically @generated by Cargo.
# It is not intended for manual editing.
version = 3

[[package]]
name = "advent2022"
version = "0.1.0"
dependencies = [
 "advent_code_lib",
 "anyhow",
 "enum-iterator 1.2.0",
]

[[package]]
name = "advent_code_lib"
version = "0.12.17"
source = "git+https://github.com/gjf2a/advent_code_lib#5bc8f28f1990d50dc9a93c255f4571e400fba3eb"
dependencies = [
 "anyhow",
 "bare_metal_modulo",
 "common_macros",
 "derive-getters",
 "enum-iterator 0.6.0",
 "hash_histogram",
 "indexmap",
 "maplit",
 "num",
 "priority-queue",
 "trait-set",
]

[[package]]
name = "anyhow"
version = "1.0.66"
source = "registry+https://github.com/rust-lang/crates.io-index"
checksum = "216261ddc8289130e551ddcd5ce8a064710c0d064a4d2895c67151c92b5443f6"

[[package]]
name = "autocfg"
version = "1.1.0"
source = "registry+https://github.com/rust-lang/crates.io-index"
checksum = "d468802bab17cbc0cc575e9b053f41e72aa36bfa6b7f55e3529ffa43161b97fa"

[[package]]
name = "bare_metal_modulo"
version = "1.1.2"
source = "registry+https://github.com/rust-lang/crates.io-index"
checksum = "a0fa2740e98e77129beafdb67b5ddc441c9a8c9d55da9d1d7d9308010544fab0"
dependencies = [
 "num",
 "trait-set",
]

[[package]]
name = "common_macros"
version = "0.1.1"
source = "registry+https://github.com/rust-lang/crates.io-index"
checksum = "f3f6d59c71e7dc3af60f0af9db32364d96a16e9310f3f5db2b55ed642162dd35"

[[package]]
name = "derive-getters"
version = "0.2.0"
source = "registry+https://github.com/rust-lang/crates.io-index"
checksum = "0c5905670fd9c320154f3a4a01c9e609733cd7b753f3c58777ab7d5ce26686b3"
dependencies = [
 "proc-macro2",
 "quote",
 "syn",
]

[[package]]
name = "enum-iterator"
version = "0.6.0"
source = "registry+https://github.com/rust-lang/crates.io-index"
checksum = "c79a6321a1197d7730510c7e3f6cb80432dfefecb32426de8cea0aa19b4bb8d7"
dependencies = [
 "enum-iterator-derive 0.6.0",
]

[[package]]
name = "enum-iterator"
version = "1.2.0"
source = "registry+https://github.com/rust-lang/crates.io-index"
checksum = "91a4ec26efacf4aeff80887a175a419493cb6f8b5480d26387eb0bd038976187"
dependencies = [
 "enum-iterator-derive 1.1.0",
]

[[package]]
name = "enum-iterator-derive"
version = "0.6.0"
source = "registry+https://github.com/rust-lang/crates.io-index"
checksum = "1e94aa31f7c0dc764f57896dc615ddd76fc13b0d5dca7eb6cc5e018a5a09ec06"
dependencies = [
 "proc-macro2",
 "quote",
 "syn",
]

[[package]]
name = "enum-iterator-derive"
version = "1.1.0"
source = "registry+https://github.com/rust-lang/crates.io-index"
checksum = "828de45d0ca18782232dfb8f3ea9cc428e8ced380eb26a520baaacfc70de39ce"
dependencies = [
 "proc-macro2",
 "quote",
 "syn",
]

[[package]]
name = "hash_histogram"
version = "0.6.2"
source = "registry+https://github.com/rust-lang/crates.io-index"
checksum = "b3eb70de6d3697e5acedacddb803bc75163f938c94a9b17a9e68e1cc98fe671c"
dependencies = [
 "serde",
 "serde_json",
]

[[package]]
name = "hashbrown"
version = "0.12.3"
source = "registry+https://github.com/rust-lang/crates.io-index"
checksum = "8a9ee70c43aaf417c914396645a0fa852624801b24ebb7ae78fe8272889ac888"

[[package]]
name = "indexmap"
version = "1.9.2"
source = "registry+https://github.com/rust-lang/crates.io-index"
checksum = "1885e79c1fc4b10f0e172c475f458b7f7b93061064d98c3293e98c5ba0c8b399"
dependencies = [
 "autocfg",
 "hashbrown",
]

[[package]]
name = "itoa"
version = "1.0.4"
source = "registry+https://github.com/rust-lang/crates.io-index"
checksum = "4217ad341ebadf8d8e724e264f13e593e0648f5b3e94b3896a5df283be015ecc"

[[package]]
name = "maplit"
version = "1.0.2"
source = "registry+https://github.com/rust-lang/crates.io-index"
checksum = "3e2e65a1a2e43cfcb47a895c4c8b10d1f4a61097f9f254f183aee60cad9c651d"

[[package]]
name = "num"
version = "0.4.0"
source = "registry+https://github.com/rust-lang/crates.io-index"
checksum = "43db66d1170d347f9a065114077f7dccb00c1b9478c89384490a3425279a4606"
dependencies = [
 "num-bigint",
 "num-complex",
 "num-integer",
 "num-iter",
 "num-rational",
 "num-traits",
]

[[package]]
name = "num-bigint"
version = "0.4.3"
source = "registry+https://github.com/rust-lang/crates.io-index"
checksum = "f93ab6289c7b344a8a9f60f88d80aa20032336fe78da341afc91c8a2341fc75f"
dependencies = [
 "autocfg",
 "num-integer",
 "num-traits",
]

[[package]]
name = "num-complex"
version = "0.4.2"
source = "registry+https://github.com/rust-lang/crates.io-index"
checksum = "7ae39348c8bc5fbd7f40c727a9925f03517afd2ab27d46702108b6a7e5414c19"
dependencies = [
 "num-traits",
]

[[package]]
name = "num-integer"
version = "0.1.45"
source = "registry+https://github.com/rust-lang/crates.io-index"
checksum = "225d3389fb3509a24c93f5c29eb6bde2586b98d9f016636dff58d7c6f7569cd9"
dependencies = [
 "autocfg",
 "num-traits",
]

[[package]]
name = "num-iter"
version = "0.1.43"
source = "registry+https://github.com/rust-lang/crates.io-index"
checksum = "7d03e6c028c5dc5cac6e2dec0efda81fc887605bb3d884578bb6d6bf7514e252"
dependencies = [
 "autocfg",
 "num-integer",
 "num-traits",
]

[[package]]
name = "num-rational"
version = "0.4.1"
source = "registry+https://github.com/rust-lang/crates.io-index"
checksum = "0638a1c9d0a3c0914158145bc76cff373a75a627e6ecbfb71cbe6f453a5a19b0"
dependencies = [
 "autocfg",
 "num-bigint",
 "num-integer",
 "num-traits",
]

[[package]]
name = "num-traits"
version = "0.2.15"
source = "registry+https://github.com/rust-lang/crates.io-index"
checksum = "578ede34cf02f8924ab9447f50c28075b4d3e5b269972345e7e0372b38c6cdcd"
dependencies = [
 "autocfg",
]

[[package]]
name = "priority-queue"
version = "1.3.0"
source = "registry+https://github.com/rust-lang/crates.io-index"
checksum = "d7685ca4cc0b3ad748c22ce6803e23b55b9206ef7715b965ebeaf41639238fdc"
dependencies = [
 "autocfg",
 "indexmap",
]

[[package]]
name = "proc-macro2"
version = "1.0.47"
source = "registry+https://github.com/rust-lang/crates.io-index"
checksum = "5ea3d908b0e36316caf9e9e2c4625cdde190a7e6f440d794667ed17a1855e725"
dependencies = [
 "unicode-ident",
]

[[package]]
name = "quote"
version = "1.0.21"
source = "registry+https://github.com/rust-lang/crates.io-index"
checksum = "bbe448f377a7d6961e30f5955f9b8d106c3f5e449d493ee1b125c1d43c2b5179"
dependencies = [
 "proc-macro2",
]

[[package]]
name = "ryu"
version = "1.0.11"
source = "registry+https://github.com/rust-lang/crates.io-index"
checksum = "4501abdff3ae82a1c1b477a17252eb69cee9e66eb915c1abaa4f44d873df9f09"

[[package]]
name = "serde"
version = "1.0.149"
source = "registry+https://github.com/rust-lang/crates.io-index"
checksum = "256b9932320c590e707b94576e3cc1f7c9024d0ee6612dfbcf1cb106cbe8e055"
dependencies = [
 "serde_derive",
]

[[package]]
name = "serde_derive"
version = "1.0.149"
source = "registry+https://github.com/rust-lang/crates.io-index"
checksum = "b4eae9b04cbffdfd550eb462ed33bc6a1b68c935127d008b27444d08380f94e4"
dependencies = [
 "proc-macro2",
 "quote",
 "syn",
]

[[package]]
name = "serde_json"
version = "1.0.89"
source = "registry+https://github.com/rust-lang/crates.io-index"
checksum = "020ff22c755c2ed3f8cf162dbb41a7268d934702f3ed3631656ea597e08fc3db"
dependencies = [
 "itoa",
 "ryu",
 "serde",
]

[[package]]
name = "syn"
version = "1.0.105"
source = "registry+https://github.com/rust-lang/crates.io-index"
checksum = "60b9b43d45702de4c839cb9b51d9f529c5dd26a4aff255b42b1ebc03e88ee908"
dependencies = [
 "proc-macro2",
 "quote",
 "unicode-ident",
]

[[package]]
name = "trait-set"
version = "0.3.0"
source = "registry+https://github.com/rust-lang/crates.io-index"
checksum = "b79e2e9c9ab44c6d7c20d5976961b47e8f49ac199154daa514b77cd1ab536625"
dependencies = [
 "proc-macro2",
 "quote",
 "syn",
]

[[package]]
name = "unicode-ident"
version = "1.0.5"
source = "registry+https://github.com/rust-lang/crates.io-index"
checksum = "6ceab39d59e4c9499d4e5a8ee0e2735b891bb7308ac83dfb4e80cad195c9f6f3"
